// !$*UTF8*$!
{
	archiveVersion = 1;
	classes = {
	};
	objectVersion = 56;
	objects = {

/* Begin PBXBuildFile section */
		4B5D7CD729916ABF0015BB2E /* AppDelegate.swift in Sources */ = {isa = PBXBuildFile; fileRef = 4B5D7CD629916ABF0015BB2E /* AppDelegate.swift */; };
		4B5D7CD929916ABF0015BB2E /* SceneDelegate.swift in Sources */ = {isa = PBXBuildFile; fileRef = 4B5D7CD829916ABF0015BB2E /* SceneDelegate.swift */; };
		4B5D7CDB29916ABF0015BB2E /* RMTabBarController.swift in Sources */ = {isa = PBXBuildFile; fileRef = 4B5D7CDA29916ABF0015BB2E /* RMTabBarController.swift */; };
		4B5D7CE029916AC10015BB2E /* Assets.xcassets in Resources */ = {isa = PBXBuildFile; fileRef = 4B5D7CDF29916AC10015BB2E /* Assets.xcassets */; };
		4B5D7CE329916AC10015BB2E /* LaunchScreen.storyboard in Resources */ = {isa = PBXBuildFile; fileRef = 4B5D7CE129916AC10015BB2E /* LaunchScreen.storyboard */; };
		4B5D7CEC29916C390015BB2E /* RMStatus.swift in Sources */ = {isa = PBXBuildFile; fileRef = 4B5D7CEB29916C390015BB2E /* RMStatus.swift */; };
		4B5D7CEE29916C4A0015BB2E /* RMCharacter.swift in Sources */ = {isa = PBXBuildFile; fileRef = 4B5D7CED29916C4A0015BB2E /* RMCharacter.swift */; };
		4B5D7CF029916C620015BB2E /* RMOrigin.swift in Sources */ = {isa = PBXBuildFile; fileRef = 4B5D7CEF29916C620015BB2E /* RMOrigin.swift */; };
		4B5D7CF329916C830015BB2E /* RMLocation.swift in Sources */ = {isa = PBXBuildFile; fileRef = 4B5D7CF229916C830015BB2E /* RMLocation.swift */; };
		4B5D7CF529916C980015BB2E /* RMGender.swift in Sources */ = {isa = PBXBuildFile; fileRef = 4B5D7CF429916C980015BB2E /* RMGender.swift */; };
		4B5D7CF829916CC40015BB2E /* CharacterResponse.swift in Sources */ = {isa = PBXBuildFile; fileRef = 4B5D7CF729916CC40015BB2E /* CharacterResponse.swift */; };
		4B5D7CFA29916CD80015BB2E /* Info.swift in Sources */ = {isa = PBXBuildFile; fileRef = 4B5D7CF929916CD80015BB2E /* Info.swift */; };
		4B5D7D062991C24D0015BB2E /* RMCharacterViewController.swift in Sources */ = {isa = PBXBuildFile; fileRef = 4B5D7D052991C24D0015BB2E /* RMCharacterViewController.swift */; };
		4B5D7D082991C25C0015BB2E /* RMLocationViewController.swift in Sources */ = {isa = PBXBuildFile; fileRef = 4B5D7D072991C25C0015BB2E /* RMLocationViewController.swift */; };
		4B5D7D0A2991C27D0015BB2E /* RMEpisodesViewController.swift in Sources */ = {isa = PBXBuildFile; fileRef = 4B5D7D092991C27D0015BB2E /* RMEpisodesViewController.swift */; };
		4B5D7D0C2991C2890015BB2E /* RMSettingsViewController.swift in Sources */ = {isa = PBXBuildFile; fileRef = 4B5D7D0B2991C2890015BB2E /* RMSettingsViewController.swift */; };
		4B5D7D0E2991C9A30015BB2E /* CharacterService.swift in Sources */ = {isa = PBXBuildFile; fileRef = 4B5D7D0D2991C9A30015BB2E /* CharacterService.swift */; };
		4B5D7D102991C9CF0015BB2E /* NetworkingManager.swift in Sources */ = {isa = PBXBuildFile; fileRef = 4B5D7D0F2991C9CF0015BB2E /* NetworkingManager.swift */; };
		4B5D7D132991CA490015BB2E /* RMEndpoint.swift in Sources */ = {isa = PBXBuildFile; fileRef = 4B5D7D122991CA490015BB2E /* RMEndpoint.swift */; };
/* End PBXBuildFile section */

/* Begin PBXFileReference section */
		4B5D7CD329916ABF0015BB2E /* Rick_And_Morty_Programmatic.app */ = {isa = PBXFileReference; explicitFileType = wrapper.application; includeInIndex = 0; path = Rick_And_Morty_Programmatic.app; sourceTree = BUILT_PRODUCTS_DIR; };
		4B5D7CD629916ABF0015BB2E /* AppDelegate.swift */ = {isa = PBXFileReference; lastKnownFileType = sourcecode.swift; path = AppDelegate.swift; sourceTree = "<group>"; };
		4B5D7CD829916ABF0015BB2E /* SceneDelegate.swift */ = {isa = PBXFileReference; lastKnownFileType = sourcecode.swift; path = SceneDelegate.swift; sourceTree = "<group>"; };
		4B5D7CDA29916ABF0015BB2E /* RMTabBarController.swift */ = {isa = PBXFileReference; lastKnownFileType = sourcecode.swift; path = RMTabBarController.swift; sourceTree = "<group>"; };
		4B5D7CDF29916AC10015BB2E /* Assets.xcassets */ = {isa = PBXFileReference; lastKnownFileType = folder.assetcatalog; path = Assets.xcassets; sourceTree = "<group>"; };
		4B5D7CE229916AC10015BB2E /* Base */ = {isa = PBXFileReference; lastKnownFileType = file.storyboard; name = Base; path = Base.lproj/LaunchScreen.storyboard; sourceTree = "<group>"; };
		4B5D7CE429916AC10015BB2E /* Info.plist */ = {isa = PBXFileReference; lastKnownFileType = text.plist.xml; path = Info.plist; sourceTree = "<group>"; };
		4B5D7CEB29916C390015BB2E /* RMStatus.swift */ = {isa = PBXFileReference; lastKnownFileType = sourcecode.swift; path = RMStatus.swift; sourceTree = "<group>"; };
		4B5D7CED29916C4A0015BB2E /* RMCharacter.swift */ = {isa = PBXFileReference; lastKnownFileType = sourcecode.swift; path = RMCharacter.swift; sourceTree = "<group>"; };
		4B5D7CEF29916C620015BB2E /* RMOrigin.swift */ = {isa = PBXFileReference; lastKnownFileType = sourcecode.swift; path = RMOrigin.swift; sourceTree = "<group>"; };
		4B5D7CF229916C830015BB2E /* RMLocation.swift */ = {isa = PBXFileReference; lastKnownFileType = sourcecode.swift; path = RMLocation.swift; sourceTree = "<group>"; };
		4B5D7CF429916C980015BB2E /* RMGender.swift */ = {isa = PBXFileReference; lastKnownFileType = sourcecode.swift; path = RMGender.swift; sourceTree = "<group>"; };
		4B5D7CF729916CC40015BB2E /* CharacterResponse.swift */ = {isa = PBXFileReference; lastKnownFileType = sourcecode.swift; path = CharacterResponse.swift; sourceTree = "<group>"; };
		4B5D7CF929916CD80015BB2E /* Info.swift */ = {isa = PBXFileReference; lastKnownFileType = sourcecode.swift; path = Info.swift; sourceTree = "<group>"; };
		4B5D7D052991C24D0015BB2E /* RMCharacterViewController.swift */ = {isa = PBXFileReference; lastKnownFileType = sourcecode.swift; path = RMCharacterViewController.swift; sourceTree = "<group>"; };
		4B5D7D072991C25C0015BB2E /* RMLocationViewController.swift */ = {isa = PBXFileReference; lastKnownFileType = sourcecode.swift; path = RMLocationViewController.swift; sourceTree = "<group>"; };
		4B5D7D092991C27D0015BB2E /* RMEpisodesViewController.swift */ = {isa = PBXFileReference; lastKnownFileType = sourcecode.swift; path = RMEpisodesViewController.swift; sourceTree = "<group>"; };
		4B5D7D0B2991C2890015BB2E /* RMSettingsViewController.swift */ = {isa = PBXFileReference; lastKnownFileType = sourcecode.swift; path = RMSettingsViewController.swift; sourceTree = "<group>"; };
		4B5D7D0D2991C9A30015BB2E /* CharacterService.swift */ = {isa = PBXFileReference; lastKnownFileType = sourcecode.swift; path = CharacterService.swift; sourceTree = "<group>"; };
		4B5D7D0F2991C9CF0015BB2E /* NetworkingManager.swift */ = {isa = PBXFileReference; lastKnownFileType = sourcecode.swift; path = NetworkingManager.swift; sourceTree = "<group>"; };
		4B5D7D122991CA490015BB2E /* RMEndpoint.swift */ = {isa = PBXFileReference; lastKnownFileType = sourcecode.swift; path = RMEndpoint.swift; sourceTree = "<group>"; };
/* End PBXFileReference section */

/* Begin PBXFrameworksBuildPhase section */
		4B5D7CD029916ABF0015BB2E /* Frameworks */ = {
			isa = PBXFrameworksBuildPhase;
			buildActionMask = 2147483647;
			files = (
			);
			runOnlyForDeploymentPostprocessing = 0;
		};
/* End PBXFrameworksBuildPhase section */

/* Begin PBXGroup section */
		4B5D7CCA29916ABF0015BB2E = {
			isa = PBXGroup;
			children = (
				4B5D7CD529916ABF0015BB2E /* Rick_And_Morty_Programmatic */,
				4B5D7CD429916ABF0015BB2E /* Products */,
			);
			sourceTree = "<group>";
		};
		4B5D7CD429916ABF0015BB2E /* Products */ = {
			isa = PBXGroup;
			children = (
				4B5D7CD329916ABF0015BB2E /* Rick_And_Morty_Programmatic.app */,
			);
			name = Products;
			sourceTree = "<group>";
		};
		4B5D7CD529916ABF0015BB2E /* Rick_And_Morty_Programmatic */ = {
			isa = PBXGroup;
			children = (
				4B5D7D112991CA2F0015BB2E /* APIClient */,
				4B5D7D022991C13F0015BB2E /* Services */,
				4B5D7D012991C1340015BB2E /* Network */,
				4B5D7D002991C1200015BB2E /* Resources */,
				4B5D7CFF2991C1070015BB2E /* ViewModels */,
				4B5D7CFE2991C0FB0015BB2E /* Views */,
				4B5D7CFD2991C0F10015BB2E /* Controllers */,
				4B5D7CEA29916C270015BB2E /* Models */,
				4B5D7CE429916AC10015BB2E /* Info.plist */,
			);
			path = Rick_And_Morty_Programmatic;
			sourceTree = "<group>";
		};
		4B5D7CEA29916C270015BB2E /* Models */ = {
			isa = PBXGroup;
			children = (
				4B5D7CF629916CA90015BB2E /* Character */,
				4B5D7CF729916CC40015BB2E /* CharacterResponse.swift */,
				4B5D7CF929916CD80015BB2E /* Info.swift */,
			);
			path = Models;
			sourceTree = "<group>";
		};
		4B5D7CF629916CA90015BB2E /* Character */ = {
			isa = PBXGroup;
			children = (
				4B5D7CED29916C4A0015BB2E /* RMCharacter.swift */,
				4B5D7CEF29916C620015BB2E /* RMOrigin.swift */,
				4B5D7CF429916C980015BB2E /* RMGender.swift */,
				4B5D7CF229916C830015BB2E /* RMLocation.swift */,
				4B5D7CEB29916C390015BB2E /* RMStatus.swift */,
			);
			path = Character;
			sourceTree = "<group>";
		};
		4B5D7CFD2991C0F10015BB2E /* Controllers */ = {
			isa = PBXGroup;
			children = (
				4B5D7D042991C22B0015BB2E /* Core */,
			);
			path = Controllers;
			sourceTree = "<group>";
		};
		4B5D7CFE2991C0FB0015BB2E /* Views */ = {
			isa = PBXGroup;
			children = (
			);
			path = Views;
			sourceTree = "<group>";
		};
		4B5D7CFF2991C1070015BB2E /* ViewModels */ = {
			isa = PBXGroup;
			children = (
			);
			path = ViewModels;
			sourceTree = "<group>";
		};
		4B5D7D002991C1200015BB2E /* Resources */ = {
			isa = PBXGroup;
			children = (
				4B5D7CDF29916AC10015BB2E /* Assets.xcassets */,
				4B5D7CE129916AC10015BB2E /* LaunchScreen.storyboard */,
				4B5D7CD829916ABF0015BB2E /* SceneDelegate.swift */,
				4B5D7CD629916ABF0015BB2E /* AppDelegate.swift */,
			);
			path = Resources;
			sourceTree = "<group>";
		};
		4B5D7D012991C1340015BB2E /* Network */ = {
			isa = PBXGroup;
			children = (
				4B5D7D0F2991C9CF0015BB2E /* NetworkingManager.swift */,
			);
			path = Network;
			sourceTree = "<group>";
		};
		4B5D7D022991C13F0015BB2E /* Services */ = {
			isa = PBXGroup;
			children = (
				4B5D7D0D2991C9A30015BB2E /* CharacterService.swift */,
			);
			path = Services;
			sourceTree = "<group>";
		};
		4B5D7D042991C22B0015BB2E /* Core */ = {
			isa = PBXGroup;
			children = (
				4B5D7CDA29916ABF0015BB2E /* RMTabBarController.swift */,
				4B5D7D052991C24D0015BB2E /* RMCharacterViewController.swift */,
				4B5D7D072991C25C0015BB2E /* RMLocationViewController.swift */,
				4B5D7D092991C27D0015BB2E /* RMEpisodesViewController.swift */,
				4B5D7D0B2991C2890015BB2E /* RMSettingsViewController.swift */,
			);
			path = Core;
			sourceTree = "<group>";
		};
		4B5D7D112991CA2F0015BB2E /* APIClient */ = {
			isa = PBXGroup;
			children = (
				4B5D7D122991CA490015BB2E /* RMEndpoint.swift */,
			);
			path = APIClient;
			sourceTree = "<group>";
		};
/* End PBXGroup section */

/* Begin PBXNativeTarget section */
		4B5D7CD229916ABF0015BB2E /* Rick_And_Morty_Programmatic */ = {
			isa = PBXNativeTarget;
			buildConfigurationList = 4B5D7CE729916AC10015BB2E /* Build configuration list for PBXNativeTarget "Rick_And_Morty_Programmatic" */;
			buildPhases = (
				4B5D7CCF29916ABF0015BB2E /* Sources */,
				4B5D7CD029916ABF0015BB2E /* Frameworks */,
				4B5D7CD129916ABF0015BB2E /* Resources */,
			);
			buildRules = (
			);
			dependencies = (
			);
			name = Rick_And_Morty_Programmatic;
			productName = Rick_And_Morty_Programmatic;
			productReference = 4B5D7CD329916ABF0015BB2E /* Rick_And_Morty_Programmatic.app */;
			productType = "com.apple.product-type.application";
		};
/* End PBXNativeTarget section */

/* Begin PBXProject section */
		4B5D7CCB29916ABF0015BB2E /* Project object */ = {
			isa = PBXProject;
			attributes = {
				BuildIndependentTargetsInParallel = 1;
				LastSwiftUpdateCheck = 1420;
				LastUpgradeCheck = 1420;
				TargetAttributes = {
					4B5D7CD229916ABF0015BB2E = {
						CreatedOnToolsVersion = 14.2;
					};
				};
			};
			buildConfigurationList = 4B5D7CCE29916ABF0015BB2E /* Build configuration list for PBXProject "Rick_And_Morty_Programmatic" */;
			compatibilityVersion = "Xcode 14.0";
			developmentRegion = en;
			hasScannedForEncodings = 0;
			knownRegions = (
				en,
				Base,
			);
			mainGroup = 4B5D7CCA29916ABF0015BB2E;
			productRefGroup = 4B5D7CD429916ABF0015BB2E /* Products */;
			projectDirPath = "";
			projectRoot = "";
			targets = (
				4B5D7CD229916ABF0015BB2E /* Rick_And_Morty_Programmatic */,
			);
		};
/* End PBXProject section */

/* Begin PBXResourcesBuildPhase section */
		4B5D7CD129916ABF0015BB2E /* Resources */ = {
			isa = PBXResourcesBuildPhase;
			buildActionMask = 2147483647;
			files = (
				4B5D7CE329916AC10015BB2E /* LaunchScreen.storyboard in Resources */,
				4B5D7CE029916AC10015BB2E /* Assets.xcassets in Resources */,
			);
			runOnlyForDeploymentPostprocessing = 0;
		};
/* End PBXResourcesBuildPhase section */

/* Begin PBXSourcesBuildPhase section */
		4B5D7CCF29916ABF0015BB2E /* Sources */ = {
			isa = PBXSourcesBuildPhase;
			buildActionMask = 2147483647;
			files = (
				4B5D7D0E2991C9A30015BB2E /* CharacterService.swift in Sources */,
				4B5D7D132991CA490015BB2E /* RMEndpoint.swift in Sources */,
				4B5D7D0A2991C27D0015BB2E /* RMEpisodesViewController.swift in Sources */,
				4B5D7D082991C25C0015BB2E /* RMLocationViewController.swift in Sources */,
				4B5D7CEC29916C390015BB2E /* RMStatus.swift in Sources */,
				4B5D7CDB29916ABF0015BB2E /* RMTabBarController.swift in Sources */,
				4B5D7D102991C9CF0015BB2E /* NetworkingManager.swift in Sources */,
				4B5D7CD729916ABF0015BB2E /* AppDelegate.swift in Sources */,
				4B5D7CFA29916CD80015BB2E /* Info.swift in Sources */,
				4B5D7CF329916C830015BB2E /* RMLocation.swift in Sources */,
				4B5D7CD929916ABF0015BB2E /* SceneDelegate.swift in Sources */,
				4B5D7CF829916CC40015BB2E /* CharacterResponse.swift in Sources */,
				4B5D7CF529916C980015BB2E /* RMGender.swift in Sources */,
				4B5D7D062991C24D0015BB2E /* RMCharacterViewController.swift in Sources */,
				4B5D7CF029916C620015BB2E /* RMOrigin.swift in Sources */,
				4B5D7D0C2991C2890015BB2E /* RMSettingsViewController.swift in Sources */,
				4B5D7CEE29916C4A0015BB2E /* RMCharacter.swift in Sources */,
			);
			runOnlyForDeploymentPostprocessing = 0;
		};
/* End PBXSourcesBuildPhase section */

/* Begin PBXVariantGroup section */
		4B5D7CE129916AC10015BB2E /* LaunchScreen.storyboard */ = {
			isa = PBXVariantGroup;
			children = (
				4B5D7CE229916AC10015BB2E /* Base */,
			);
			name = LaunchScreen.storyboard;
			sourceTree = "<group>";
		};
/* End PBXVariantGroup section */

/* Begin XCBuildConfiguration section */
		4B5D7CE529916AC10015BB2E /* Debug */ = {
			isa = XCBuildConfiguration;
			buildSettings = {
				ALWAYS_SEARCH_USER_PATHS = NO;
				CLANG_ANALYZER_NONNULL = YES;
				CLANG_ANALYZER_NUMBER_OBJECT_CONVERSION = YES_AGGRESSIVE;
				CLANG_CXX_LANGUAGE_STANDARD = "gnu++20";
				CLANG_ENABLE_MODULES = YES;
				CLANG_ENABLE_OBJC_ARC = YES;
				CLANG_ENABLE_OBJC_WEAK = YES;
				CLANG_WARN_BLOCK_CAPTURE_AUTORELEASING = YES;
				CLANG_WARN_BOOL_CONVERSION = YES;
				CLANG_WARN_COMMA = YES;
				CLANG_WARN_CONSTANT_CONVERSION = YES;
				CLANG_WARN_DEPRECATED_OBJC_IMPLEMENTATIONS = YES;
				CLANG_WARN_DIRECT_OBJC_ISA_USAGE = YES_ERROR;
				CLANG_WARN_DOCUMENTATION_COMMENTS = YES;
				CLANG_WARN_EMPTY_BODY = YES;
				CLANG_WARN_ENUM_CONVERSION = YES;
				CLANG_WARN_INFINITE_RECURSION = YES;
				CLANG_WARN_INT_CONVERSION = YES;
				CLANG_WARN_NON_LITERAL_NULL_CONVERSION = YES;
				CLANG_WARN_OBJC_IMPLICIT_RETAIN_SELF = YES;
				CLANG_WARN_OBJC_LITERAL_CONVERSION = YES;
				CLANG_WARN_OBJC_ROOT_CLASS = YES_ERROR;
				CLANG_WARN_QUOTED_INCLUDE_IN_FRAMEWORK_HEADER = YES;
				CLANG_WARN_RANGE_LOOP_ANALYSIS = YES;
				CLANG_WARN_STRICT_PROTOTYPES = YES;
				CLANG_WARN_SUSPICIOUS_MOVE = YES;
				CLANG_WARN_UNGUARDED_AVAILABILITY = YES_AGGRESSIVE;
				CLANG_WARN_UNREACHABLE_CODE = YES;
				CLANG_WARN__DUPLICATE_METHOD_MATCH = YES;
				COPY_PHASE_STRIP = NO;
				DEBUG_INFORMATION_FORMAT = dwarf;
				ENABLE_STRICT_OBJC_MSGSEND = YES;
				ENABLE_TESTABILITY = YES;
				GCC_C_LANGUAGE_STANDARD = gnu11;
				GCC_DYNAMIC_NO_PIC = NO;
				GCC_NO_COMMON_BLOCKS = YES;
				GCC_OPTIMIZATION_LEVEL = 0;
				GCC_PREPROCESSOR_DEFINITIONS = (
					"DEBUG=1",
					"$(inherited)",
				);
				GCC_WARN_64_TO_32_BIT_CONVERSION = YES;
				GCC_WARN_ABOUT_RETURN_TYPE = YES_ERROR;
				GCC_WARN_UNDECLARED_SELECTOR = YES;
				GCC_WARN_UNINITIALIZED_AUTOS = YES_AGGRESSIVE;
				GCC_WARN_UNUSED_FUNCTION = YES;
				GCC_WARN_UNUSED_VARIABLE = YES;
				IPHONEOS_DEPLOYMENT_TARGET = 16.2;
				MTL_ENABLE_DEBUG_INFO = INCLUDE_SOURCE;
				MTL_FAST_MATH = YES;
				ONLY_ACTIVE_ARCH = YES;
				SDKROOT = iphoneos;
				SWIFT_ACTIVE_COMPILATION_CONDITIONS = DEBUG;
				SWIFT_OPTIMIZATION_LEVEL = "-Onone";
			};
			name = Debug;
		};
		4B5D7CE629916AC10015BB2E /* Release */ = {
			isa = XCBuildConfiguration;
			buildSettings = {
				ALWAYS_SEARCH_USER_PATHS = NO;
				CLANG_ANALYZER_NONNULL = YES;
				CLANG_ANALYZER_NUMBER_OBJECT_CONVERSION = YES_AGGRESSIVE;
				CLANG_CXX_LANGUAGE_STANDARD = "gnu++20";
				CLANG_ENABLE_MODULES = YES;
				CLANG_ENABLE_OBJC_ARC = YES;
				CLANG_ENABLE_OBJC_WEAK = YES;
				CLANG_WARN_BLOCK_CAPTURE_AUTORELEASING = YES;
				CLANG_WARN_BOOL_CONVERSION = YES;
				CLANG_WARN_COMMA = YES;
				CLANG_WARN_CONSTANT_CONVERSION = YES;
				CLANG_WARN_DEPRECATED_OBJC_IMPLEMENTATIONS = YES;
				CLANG_WARN_DIRECT_OBJC_ISA_USAGE = YES_ERROR;
				CLANG_WARN_DOCUMENTATION_COMMENTS = YES;
				CLANG_WARN_EMPTY_BODY = YES;
				CLANG_WARN_ENUM_CONVERSION = YES;
				CLANG_WARN_INFINITE_RECURSION = YES;
				CLANG_WARN_INT_CONVERSION = YES;
				CLANG_WARN_NON_LITERAL_NULL_CONVERSION = YES;
				CLANG_WARN_OBJC_IMPLICIT_RETAIN_SELF = YES;
				CLANG_WARN_OBJC_LITERAL_CONVERSION = YES;
				CLANG_WARN_OBJC_ROOT_CLASS = YES_ERROR;
				CLANG_WARN_QUOTED_INCLUDE_IN_FRAMEWORK_HEADER = YES;
				CLANG_WARN_RANGE_LOOP_ANALYSIS = YES;
				CLANG_WARN_STRICT_PROTOTYPES = YES;
				CLANG_WARN_SUSPICIOUS_MOVE = YES;
				CLANG_WARN_UNGUARDED_AVAILABILITY = YES_AGGRESSIVE;
				CLANG_WARN_UNREACHABLE_CODE = YES;
				CLANG_WARN__DUPLICATE_METHOD_MATCH = YES;
				COPY_PHASE_STRIP = NO;
				DEBUG_INFORMATION_FORMAT = "dwarf-with-dsym";
				ENABLE_NS_ASSERTIONS = NO;
				ENABLE_STRICT_OBJC_MSGSEND = YES;
				GCC_C_LANGUAGE_STANDARD = gnu11;
				GCC_NO_COMMON_BLOCKS = YES;
				GCC_WARN_64_TO_32_BIT_CONVERSION = YES;
				GCC_WARN_ABOUT_RETURN_TYPE = YES_ERROR;
				GCC_WARN_UNDECLARED_SELECTOR = YES;
				GCC_WARN_UNINITIALIZED_AUTOS = YES_AGGRESSIVE;
				GCC_WARN_UNUSED_FUNCTION = YES;
				GCC_WARN_UNUSED_VARIABLE = YES;
				IPHONEOS_DEPLOYMENT_TARGET = 16.2;
				MTL_ENABLE_DEBUG_INFO = NO;
				MTL_FAST_MATH = YES;
				SDKROOT = iphoneos;
				SWIFT_COMPILATION_MODE = wholemodule;
				SWIFT_OPTIMIZATION_LEVEL = "-O";
				VALIDATE_PRODUCT = YES;
			};
			name = Release;
		};
		4B5D7CE829916AC10015BB2E /* Debug */ = {
			isa = XCBuildConfiguration;
			buildSettings = {
				ASSETCATALOG_COMPILER_APPICON_NAME = AppIcon;
				ASSETCATALOG_COMPILER_GLOBAL_ACCENT_COLOR_NAME = AccentColor;
				CODE_SIGN_STYLE = Automatic;
				CURRENT_PROJECT_VERSION = 1;
				GENERATE_INFOPLIST_FILE = YES;
				INFOPLIST_FILE = Rick_And_Morty_Programmatic/Info.plist;
				INFOPLIST_KEY_UIApplicationSupportsIndirectInputEvents = YES;
				INFOPLIST_KEY_UILaunchStoryboardName = LaunchScreen;
				INFOPLIST_KEY_UISupportedInterfaceOrientations_iPad = "UIInterfaceOrientationPortrait UIInterfaceOrientationPortraitUpsideDown UIInterfaceOrientationLandscapeLeft UIInterfaceOrientationLandscapeRight";
				INFOPLIST_KEY_UISupportedInterfaceOrientations_iPhone = "UIInterfaceOrientationPortrait UIInterfaceOrientationLandscapeLeft UIInterfaceOrientationLandscapeRight";
				LD_RUNPATH_SEARCH_PATHS = (
					"$(inherited)",
					"@executable_path/Frameworks",
				);
				MARKETING_VERSION = 1.0;
				PRODUCT_BUNDLE_IDENTIFIER = "gcampos.Rick-And-Morty-Programmatic";
				PRODUCT_NAME = "$(TARGET_NAME)";
				SWIFT_EMIT_LOC_STRINGS = YES;
				SWIFT_VERSION = 5.0;
				TARGETED_DEVICE_FAMILY = "1,2";
			};
			name = Debug;
		};
		4B5D7CE929916AC10015BB2E /* Release */ = {
			isa = XCBuildConfiguration;
			buildSettings = {
				ASSETCATALOG_COMPILER_APPICON_NAME = AppIcon;
				ASSETCATALOG_COMPILER_GLOBAL_ACCENT_COLOR_NAME = AccentColor;
				CODE_SIGN_STYLE = Automatic;
				CURRENT_PROJECT_VERSION = 1;
				GENERATE_INFOPLIST_FILE = YES;
				INFOPLIST_FILE = Rick_And_Morty_Programmatic/Info.plist;
				INFOPLIST_KEY_UIApplicationSupportsIndirectInputEvents = YES;
				INFOPLIST_KEY_UILaunchStoryboardName = LaunchScreen;
				INFOPLIST_KEY_UISupportedInterfaceOrientations_iPad = "UIInterfaceOrientationPortrait UIInterfaceOrientationPortraitUpsideDown UIInterfaceOrientationLandscapeLeft UIInterfaceOrientationLandscapeRight";
				INFOPLIST_KEY_UISupportedInterfaceOrientations_iPhone = "UIInterfaceOrientationPortrait UIInterfaceOrientationLandscapeLeft UIInterfaceOrientationLandscapeRight";
				LD_RUNPATH_SEARCH_PATHS = (
					"$(inherited)",
					"@executable_path/Frameworks",
				);
				MARKETING_VERSION = 1.0;
				PRODUCT_BUNDLE_IDENTIFIER = "gcampos.Rick-And-Morty-Programmatic";
				PRODUCT_NAME = "$(TARGET_NAME)";
				SWIFT_EMIT_LOC_STRINGS = YES;
				SWIFT_VERSION = 5.0;
				TARGETED_DEVICE_FAMILY = "1,2";
			};
			name = Release;
		};
/* End XCBuildConfiguration section */

/* Begin XCConfigurationList section */
		4B5D7CCE29916ABF0015BB2E /* Build configuration list for PBXProject "Rick_And_Morty_Programmatic" */ = {
			isa = XCConfigurationList;
			buildConfigurations = (
				4B5D7CE529916AC10015BB2E /* Debug */,
				4B5D7CE629916AC10015BB2E /* Release */,
			);
			defaultConfigurationIsVisible = 0;
			defaultConfigurationName = Release;
		};
		4B5D7CE729916AC10015BB2E /* Build configuration list for PBXNativeTarget "Rick_And_Morty_Programmatic" */ = {
			isa = XCConfigurationList;
			buildConfigurations = (
				4B5D7CE829916AC10015BB2E /* Debug */,
				4B5D7CE929916AC10015BB2E /* Release */,
			);
			defaultConfigurationIsVisible = 0;
			defaultConfigurationName = Release;
		};
/* End XCConfigurationList section */
	};
	rootObject = 4B5D7CCB29916ABF0015BB2E /* Project object */;
}
